// !$*UTF8*$!
{
	archiveVersion = 1;
	classes = {
	};
	objectVersion = 56;
	objects = {

/* Begin PBXBuildFile section */
		3C908B04299E555500DF3A61 /* MCsession.swift in Sources */ = {isa = PBXBuildFile; fileRef = 3C908B03299E555500DF3A61 /* MCsession.swift */; };
		AC5781132999CD9D00BBC021 /* NearbyInteractionMeApp.swift in Sources */ = {isa = PBXBuildFile; fileRef = AC5781122999CD9D00BBC021 /* NearbyInteractionMeApp.swift */; };
		AC5781152999CD9D00BBC021 /* SupportedDeviceView.swift in Sources */ = {isa = PBXBuildFile; fileRef = AC5781142999CD9D00BBC021 /* SupportedDeviceView.swift */; };
		AC5781172999CD9F00BBC021 /* Assets.xcassets in Resources */ = {isa = PBXBuildFile; fileRef = AC5781162999CD9F00BBC021 /* Assets.xcassets */; };
		AC57811A2999CD9F00BBC021 /* Preview Assets.xcassets in Resources */ = {isa = PBXBuildFile; fileRef = AC5781192999CD9F00BBC021 /* Preview Assets.xcassets */; };
		AC5781232999CF3500BBC021 /* MathUtilities.swift in Sources */ = {isa = PBXBuildFile; fileRef = AC5781222999CF3500BBC021 /* MathUtilities.swift */; };
		AC578148299A690900BBC021 /* UnsupportedDeviceView.swift in Sources */ = {isa = PBXBuildFile; fileRef = AC578147299A690900BBC021 /* UnsupportedDeviceView.swift */; };
/* End PBXBuildFile section */

/* Begin PBXFileReference section */
		3C908B03299E555500DF3A61 /* MCsession.swift */ = {isa = PBXFileReference; lastKnownFileType = sourcecode.swift; path = MCsession.swift; sourceTree = "<group>"; };
		AC57810F2999CD9D00BBC021 /* NearbyInteractionMe.app */ = {isa = PBXFileReference; explicitFileType = wrapper.application; includeInIndex = 0; path = NearbyInteractionMe.app; sourceTree = BUILT_PRODUCTS_DIR; };
		AC5781122999CD9D00BBC021 /* NearbyInteractionMeApp.swift */ = {isa = PBXFileReference; lastKnownFileType = sourcecode.swift; path = NearbyInteractionMeApp.swift; sourceTree = "<group>"; };
		AC5781142999CD9D00BBC021 /* SupportedDeviceView.swift */ = {isa = PBXFileReference; lastKnownFileType = sourcecode.swift; path = SupportedDeviceView.swift; sourceTree = "<group>"; };
		AC5781162999CD9F00BBC021 /* Assets.xcassets */ = {isa = PBXFileReference; lastKnownFileType = folder.assetcatalog; path = Assets.xcassets; sourceTree = "<group>"; };
		AC5781192999CD9F00BBC021 /* Preview Assets.xcassets */ = {isa = PBXFileReference; lastKnownFileType = folder.assetcatalog; path = "Preview Assets.xcassets"; sourceTree = "<group>"; };
		AC5781222999CF3500BBC021 /* MathUtilities.swift */ = {isa = PBXFileReference; fileEncoding = 4; lastKnownFileType = sourcecode.swift; path = MathUtilities.swift; sourceTree = "<group>"; };
		AC578147299A690900BBC021 /* UnsupportedDeviceView.swift */ = {isa = PBXFileReference; lastKnownFileType = sourcecode.swift; path = UnsupportedDeviceView.swift; sourceTree = "<group>"; };
		AC57814A299BB5EF00BBC021 /* Info.plist */ = {isa = PBXFileReference; lastKnownFileType = text.plist; path = Info.plist; sourceTree = "<group>"; };
/* End PBXFileReference section */

/* Begin PBXFrameworksBuildPhase section */
		AC57810C2999CD9D00BBC021 /* Frameworks */ = {
			isa = PBXFrameworksBuildPhase;
			buildActionMask = 2147483647;
			files = (
			);
			runOnlyForDeploymentPostprocessing = 0;
		};
/* End PBXFrameworksBuildPhase section */

/* Begin PBXGroup section */
		AC5781062999CD9D00BBC021 = {
			isa = PBXGroup;
			children = (
				AC5781112999CD9D00BBC021 /* NearbyInteractionMe */,
				AC5781102999CD9D00BBC021 /* Products */,
			);
			sourceTree = "<group>";
		};
		AC5781102999CD9D00BBC021 /* Products */ = {
			isa = PBXGroup;
			children = (
				AC57810F2999CD9D00BBC021 /* NearbyInteractionMe.app */,
			);
			name = Products;
			sourceTree = "<group>";
		};
		AC5781112999CD9D00BBC021 /* NearbyInteractionMe */ = {
			isa = PBXGroup;
			children = (
				AC57814A299BB5EF00BBC021 /* Info.plist */,
				AC5781122999CD9D00BBC021 /* NearbyInteractionMeApp.swift */,
				AC578149299A70D900BBC021 /* NearbyInteractionLogic */,
				AC578146299A68EC00BBC021 /* Views */,
				AC5781162999CD9F00BBC021 /* Assets.xcassets */,
				AC5781182999CD9F00BBC021 /* Preview Content */,
			);
			path = NearbyInteractionMe;
			sourceTree = "<group>";
		};
		AC5781182999CD9F00BBC021 /* Preview Content */ = {
			isa = PBXGroup;
			children = (
				AC5781192999CD9F00BBC021 /* Preview Assets.xcassets */,
			);
			path = "Preview Content";
			sourceTree = "<group>";
		};
		AC578146299A68EC00BBC021 /* Views */ = {
			isa = PBXGroup;
			children = (
				AC5781142999CD9D00BBC021 /* SupportedDeviceView.swift */,
				AC578147299A690900BBC021 /* UnsupportedDeviceView.swift */,
			);
			path = Views;
			sourceTree = "<group>";
		};
		AC578149299A70D900BBC021 /* NearbyInteractionLogic */ = {
			isa = PBXGroup;
			children = (
				AC5781222999CF3500BBC021 /* MathUtilities.swift */,
				3C908B03299E555500DF3A61 /* MCsession.swift */,
			);
			path = NearbyInteractionLogic;
			sourceTree = "<group>";
		};
/* End PBXGroup section */

/* Begin PBXNativeTarget section */
		AC57810E2999CD9D00BBC021 /* NearbyInteractionMe */ = {
			isa = PBXNativeTarget;
			buildConfigurationList = AC57811D2999CD9F00BBC021 /* Build configuration list for PBXNativeTarget "NearbyInteractionMe" */;
			buildPhases = (
				AC57810B2999CD9D00BBC021 /* Sources */,
				AC57810C2999CD9D00BBC021 /* Frameworks */,
				AC57810D2999CD9D00BBC021 /* Resources */,
			);
			buildRules = (
			);
			dependencies = (
			);
			name = NearbyInteractionMe;
			productName = NearbyInteractionMe;
			productReference = AC57810F2999CD9D00BBC021 /* NearbyInteractionMe.app */;
			productType = "com.apple.product-type.application";
		};
/* End PBXNativeTarget section */

/* Begin PBXProject section */
		AC5781072999CD9D00BBC021 /* Project object */ = {
			isa = PBXProject;
			attributes = {
				BuildIndependentTargetsInParallel = 1;
				LastSwiftUpdateCheck = 1420;
				LastUpgradeCheck = 1420;
				TargetAttributes = {
					AC57810E2999CD9D00BBC021 = {
						CreatedOnToolsVersion = 14.2;
					};
				};
			};
			buildConfigurationList = AC57810A2999CD9D00BBC021 /* Build configuration list for PBXProject "NearbyInteractionMe" */;
			compatibilityVersion = "Xcode 14.0";
			developmentRegion = en;
			hasScannedForEncodings = 0;
			knownRegions = (
				en,
				Base,
			);
			mainGroup = AC5781062999CD9D00BBC021;
			productRefGroup = AC5781102999CD9D00BBC021 /* Products */;
			projectDirPath = "";
			projectRoot = "";
			targets = (
				AC57810E2999CD9D00BBC021 /* NearbyInteractionMe */,
			);
		};
/* End PBXProject section */

/* Begin PBXResourcesBuildPhase section */
		AC57810D2999CD9D00BBC021 /* Resources */ = {
			isa = PBXResourcesBuildPhase;
			buildActionMask = 2147483647;
			files = (
				AC57811A2999CD9F00BBC021 /* Preview Assets.xcassets in Resources */,
				AC5781172999CD9F00BBC021 /* Assets.xcassets in Resources */,
			);
			runOnlyForDeploymentPostprocessing = 0;
		};
/* End PBXResourcesBuildPhase section */

/* Begin PBXSourcesBuildPhase section */
		AC57810B2999CD9D00BBC021 /* Sources */ = {
			isa = PBXSourcesBuildPhase;
			buildActionMask = 2147483647;
			files = (
				AC5781232999CF3500BBC021 /* MathUtilities.swift in Sources */,
				AC578148299A690900BBC021 /* UnsupportedDeviceView.swift in Sources */,
				3C908B04299E555500DF3A61 /* MCsession.swift in Sources */,
				AC5781152999CD9D00BBC021 /* SupportedDeviceView.swift in Sources */,
				AC5781132999CD9D00BBC021 /* NearbyInteractionMeApp.swift in Sources */,
			);
			runOnlyForDeploymentPostprocessing = 0;
		};
/* End PBXSourcesBuildPhase section */

/* Begin XCBuildConfiguration section */
		AC57811B2999CD9F00BBC021 /* Debug */ = {
			isa = XCBuildConfiguration;
			buildSettings = {
				ALWAYS_SEARCH_USER_PATHS = NO;
				CLANG_ANALYZER_NONNULL = YES;
				CLANG_ANALYZER_NUMBER_OBJECT_CONVERSION = YES_AGGRESSIVE;
				CLANG_CXX_LANGUAGE_STANDARD = "gnu++20";
				CLANG_ENABLE_MODULES = YES;
				CLANG_ENABLE_OBJC_ARC = YES;
				CLANG_ENABLE_OBJC_WEAK = YES;
				CLANG_WARN_BLOCK_CAPTURE_AUTORELEASING = YES;
				CLANG_WARN_BOOL_CONVERSION = YES;
				CLANG_WARN_COMMA = YES;
				CLANG_WARN_CONSTANT_CONVERSION = YES;
				CLANG_WARN_DEPRECATED_OBJC_IMPLEMENTATIONS = YES;
				CLANG_WARN_DIRECT_OBJC_ISA_USAGE = YES_ERROR;
				CLANG_WARN_DOCUMENTATION_COMMENTS = YES;
				CLANG_WARN_EMPTY_BODY = YES;
				CLANG_WARN_ENUM_CONVERSION = YES;
				CLANG_WARN_INFINITE_RECURSION = YES;
				CLANG_WARN_INT_CONVERSION = YES;
				CLANG_WARN_NON_LITERAL_NULL_CONVERSION = YES;
				CLANG_WARN_OBJC_IMPLICIT_RETAIN_SELF = YES;
				CLANG_WARN_OBJC_LITERAL_CONVERSION = YES;
				CLANG_WARN_OBJC_ROOT_CLASS = YES_ERROR;
				CLANG_WARN_QUOTED_INCLUDE_IN_FRAMEWORK_HEADER = YES;
				CLANG_WARN_RANGE_LOOP_ANALYSIS = YES;
				CLANG_WARN_STRICT_PROTOTYPES = YES;
				CLANG_WARN_SUSPICIOUS_MOVE = YES;
				CLANG_WARN_UNGUARDED_AVAILABILITY = YES_AGGRESSIVE;
				CLANG_WARN_UNREACHABLE_CODE = YES;
				CLANG_WARN__DUPLICATE_METHOD_MATCH = YES;
				COPY_PHASE_STRIP = NO;
				DEBUG_INFORMATION_FORMAT = dwarf;
				ENABLE_STRICT_OBJC_MSGSEND = YES;
				ENABLE_TESTABILITY = YES;
				GCC_C_LANGUAGE_STANDARD = gnu11;
				GCC_DYNAMIC_NO_PIC = NO;
				GCC_NO_COMMON_BLOCKS = YES;
				GCC_OPTIMIZATION_LEVEL = 0;
				GCC_PREPROCESSOR_DEFINITIONS = (
					"DEBUG=1",
					"$(inherited)",
				);
				GCC_WARN_64_TO_32_BIT_CONVERSION = YES;
				GCC_WARN_ABOUT_RETURN_TYPE = YES_ERROR;
				GCC_WARN_UNDECLARED_SELECTOR = YES;
				GCC_WARN_UNINITIALIZED_AUTOS = YES_AGGRESSIVE;
				GCC_WARN_UNUSED_FUNCTION = YES;
				GCC_WARN_UNUSED_VARIABLE = YES;
				IPHONEOS_DEPLOYMENT_TARGET = 16.2;
				MTL_ENABLE_DEBUG_INFO = INCLUDE_SOURCE;
				MTL_FAST_MATH = YES;
				ONLY_ACTIVE_ARCH = YES;
				SDKROOT = iphoneos;
				SWIFT_ACTIVE_COMPILATION_CONDITIONS = DEBUG;
				SWIFT_OPTIMIZATION_LEVEL = "-Onone";
			};
			name = Debug;
		};
		AC57811C2999CD9F00BBC021 /* Release */ = {
			isa = XCBuildConfiguration;
			buildSettings = {
				ALWAYS_SEARCH_USER_PATHS = NO;
				CLANG_ANALYZER_NONNULL = YES;
				CLANG_ANALYZER_NUMBER_OBJECT_CONVERSION = YES_AGGRESSIVE;
				CLANG_CXX_LANGUAGE_STANDARD = "gnu++20";
				CLANG_ENABLE_MODULES = YES;
				CLANG_ENABLE_OBJC_ARC = YES;
				CLANG_ENABLE_OBJC_WEAK = YES;
				CLANG_WARN_BLOCK_CAPTURE_AUTORELEASING = YES;
				CLANG_WARN_BOOL_CONVERSION = YES;
				CLANG_WARN_COMMA = YES;
				CLANG_WARN_CONSTANT_CONVERSION = YES;
				CLANG_WARN_DEPRECATED_OBJC_IMPLEMENTATIONS = YES;
				CLANG_WARN_DIRECT_OBJC_ISA_USAGE = YES_ERROR;
				CLANG_WARN_DOCUMENTATION_COMMENTS = YES;
				CLANG_WARN_EMPTY_BODY = YES;
				CLANG_WARN_ENUM_CONVERSION = YES;
				CLANG_WARN_INFINITE_RECURSION = YES;
				CLANG_WARN_INT_CONVERSION = YES;
				CLANG_WARN_NON_LITERAL_NULL_CONVERSION = YES;
				CLANG_WARN_OBJC_IMPLICIT_RETAIN_SELF = YES;
				CLANG_WARN_OBJC_LITERAL_CONVERSION = YES;
				CLANG_WARN_OBJC_ROOT_CLASS = YES_ERROR;
				CLANG_WARN_QUOTED_INCLUDE_IN_FRAMEWORK_HEADER = YES;
				CLANG_WARN_RANGE_LOOP_ANALYSIS = YES;
				CLANG_WARN_STRICT_PROTOTYPES = YES;
				CLANG_WARN_SUSPICIOUS_MOVE = YES;
				CLANG_WARN_UNGUARDED_AVAILABILITY = YES_AGGRESSIVE;
				CLANG_WARN_UNREACHABLE_CODE = YES;
				CLANG_WARN__DUPLICATE_METHOD_MATCH = YES;
				COPY_PHASE_STRIP = NO;
				DEBUG_INFORMATION_FORMAT = "dwarf-with-dsym";
				ENABLE_NS_ASSERTIONS = NO;
				ENABLE_STRICT_OBJC_MSGSEND = YES;
				GCC_C_LANGUAGE_STANDARD = gnu11;
				GCC_NO_COMMON_BLOCKS = YES;
				GCC_WARN_64_TO_32_BIT_CONVERSION = YES;
				GCC_WARN_ABOUT_RETURN_TYPE = YES_ERROR;
				GCC_WARN_UNDECLARED_SELECTOR = YES;
				GCC_WARN_UNINITIALIZED_AUTOS = YES_AGGRESSIVE;
				GCC_WARN_UNUSED_FUNCTION = YES;
				GCC_WARN_UNUSED_VARIABLE = YES;
				IPHONEOS_DEPLOYMENT_TARGET = 16.2;
				MTL_ENABLE_DEBUG_INFO = NO;
				MTL_FAST_MATH = YES;
				SDKROOT = iphoneos;
				SWIFT_COMPILATION_MODE = wholemodule;
				SWIFT_OPTIMIZATION_LEVEL = "-O";
				VALIDATE_PRODUCT = YES;
			};
			name = Release;
		};
		AC57811E2999CD9F00BBC021 /* Debug */ = {
			isa = XCBuildConfiguration;
			buildSettings = {
				ASSETCATALOG_COMPILER_APPICON_NAME = AppIcon;
				ASSETCATALOG_COMPILER_GLOBAL_ACCENT_COLOR_NAME = AccentColor;
				CODE_SIGN_STYLE = Automatic;
				CURRENT_PROJECT_VERSION = 1;
				DEVELOPMENT_ASSET_PATHS = "\"NearbyInteractionMe/Preview Content\"";
				DEVELOPMENT_TEAM = 32NFNWRJ4K;
				ENABLE_PREVIEWS = YES;
				GENERATE_INFOPLIST_FILE = YES;
				INFOPLIST_FILE = NearbyInteractionMe/Info.plist;
				INFOPLIST_KEY_NSLocalNetworkUsageDescription = "Reason for using Bonjour that the user can understand";
				INFOPLIST_KEY_NSNearbyInteractionAllowOnceUsageDescription = "This app demonstrates the NearbyInteraction framework. Supply a value for this string to explain how the user benefits when they allow the app to use NearbyInteraction.";
				INFOPLIST_KEY_NSNearbyInteractionUsageDescription = "We need to access your device.";
				INFOPLIST_KEY_UIApplicationSceneManifest_Generation = YES;
				INFOPLIST_KEY_UIApplicationSupportsIndirectInputEvents = YES;
				INFOPLIST_KEY_UILaunchScreen_Generation = YES;
				INFOPLIST_KEY_UISupportedInterfaceOrientations_iPad = "UIInterfaceOrientationPortrait UIInterfaceOrientationPortraitUpsideDown UIInterfaceOrientationLandscapeLeft UIInterfaceOrientationLandscapeRight";
				INFOPLIST_KEY_UISupportedInterfaceOrientations_iPhone = "UIInterfaceOrientationPortrait UIInterfaceOrientationLandscapeLeft UIInterfaceOrientationLandscapeRight";
				IPHONEOS_DEPLOYMENT_TARGET = 16.0;
				LD_RUNPATH_SEARCH_PATHS = (
					"$(inherited)",
					"@executable_path/Frameworks",
				);
				MARKETING_VERSION = 1.0;
				PRODUCT_BUNDLE_IDENTIFIER = "com.example.apple-samplecode.ni-peekaboo--SAMPLE-CODE-DISAMBIGUATOR-";
				PRODUCT_NAME = "$(TARGET_NAME)";
				SWIFT_EMIT_LOC_STRINGS = YES;
				SWIFT_VERSION = 5.0;
				TARGETED_DEVICE_FAMILY = "1,2";
			};
			name = Debug;
		};
		AC57811F2999CD9F00BBC021 /* Release */ = {
			isa = XCBuildConfiguration;
			buildSettings = {
				ASSETCATALOG_COMPILER_APPICON_NAME = AppIcon;
				ASSETCATALOG_COMPILER_GLOBAL_ACCENT_COLOR_NAME = AccentColor;
				CODE_SIGN_STYLE = Automatic;
				CURRENT_PROJECT_VERSION = 1;
				DEVELOPMENT_ASSET_PATHS = "\"NearbyInteractionMe/Preview Content\"";
				DEVELOPMENT_TEAM = 32NFNWRJ4K;
				ENABLE_PREVIEWS = YES;
				GENERATE_INFOPLIST_FILE = YES;
				INFOPLIST_FILE = NearbyInteractionMe/Info.plist;
				INFOPLIST_KEY_NSLocalNetworkUsageDescription = "Reason for using Bonjour that the user can understand";
				INFOPLIST_KEY_NSNearbyInteractionAllowOnceUsageDescription = "This app demonstrates the NearbyInteraction framework. Supply a value for this string to explain how the user benefits when they allow the app to use NearbyInteraction.";
				INFOPLIST_KEY_NSNearbyInteractionUsageDescription = "We need to access your device.";
				INFOPLIST_KEY_UIApplicationSceneManifest_Generation = YES;
				INFOPLIST_KEY_UIApplicationSupportsIndirectInputEvents = YES;
				INFOPLIST_KEY_UILaunchScreen_Generation = YES;
				INFOPLIST_KEY_UISupportedInterfaceOrientations_iPad = "UIInterfaceOrientationPortrait UIInterfaceOrientationPortraitUpsideDown UIInterfaceOrientationLandscapeLeft UIInterfaceOrientationLandscapeRight";
				INFOPLIST_KEY_UISupportedInterfaceOrientations_iPhone = "UIInterfaceOrientationPortrait UIInterfaceOrientationLandscapeLeft UIInterfaceOrientationLandscapeRight";
				IPHONEOS_DEPLOYMENT_TARGET = 16.0;
				LD_RUNPATH_SEARCH_PATHS = (
					"$(inherited)",
					"@executable_path/Frameworks",
				);
				MARKETING_VERSION = 1.0;
				PRODUCT_BUNDLE_IDENTIFIER = "com.example.apple-samplecode.ni-peekaboo--SAMPLE-CODE-DISAMBIGUATOR-";
				PRODUCT_NAME = "$(TARGET_NAME)";
				SWIFT_EMIT_LOC_STRINGS = YES;
				SWIFT_VERSION = 5.0;
				TARGETED_DEVICE_FAMILY = "1,2";
			};
			name = Release;
		};
/* End XCBuildConfiguration section */

/* Begin XCConfigurationList section */
		AC57810A2999CD9D00BBC021 /* Build configuration list for PBXProject "NearbyInteractionMe" */ = {
			isa = XCConfigurationList;
			buildConfigurations = (
				AC57811B2999CD9F00BBC021 /* Debug */,
				AC57811C2999CD9F00BBC021 /* Release */,
			);
			defaultConfigurationIsVisible = 0;
			defaultConfigurationName = Release;
		};
		AC57811D2999CD9F00BBC021 /* Build configuration list for PBXNativeTarget "NearbyInteractionMe" */ = {
			isa = XCConfigurationList;
			buildConfigurations = (
				AC57811E2999CD9F00BBC021 /* Debug */,
				AC57811F2999CD9F00BBC021 /* Release */,
			);
			defaultConfigurationIsVisible = 0;
			defaultConfigurationName = Release;
		};
/* End XCConfigurationList section */
	};
	rootObject = AC5781072999CD9D00BBC021 /* Project object */;
}
